
Microsoft Visual Studio Solution File, Format Version 12.00
# Visual Studio Version 16
VisualStudioVersion = 16.0.31911.196
MinimumVisualStudioVersion = 10.0.40219.1
Project("{FAE04EC0-301F-11D3-BF4B-00C04F79EFBC}") = "dropdown.UWP", "dropdown\dropdown.UWP\dropdown.UWP.csproj", "{EF441AD1-75CD-44C2-BB9C-953631C2D849}"
EndProject
Project("{FAE04EC0-301F-11D3-BF4B-00C04F79EFBC}") = "dropdown.Android", "dropdown\dropdown.Android\dropdown.Android.csproj", "{9C35EC56-3141-404B-8134-19E5EB3782D0}"
EndProject
Project("{FAE04EC0-301F-11D3-BF4B-00C04F79EFBC}") = "dropdown.iOS", "dropdown\dropdown.iOS\dropdown.iOS.csproj", "{BF925917-9115-4839-94E6-308C1B4681FC}"
EndProject
Project("{FAE04EC0-301F-11D3-BF4B-00C04F79EFBC}") = "dropdown", "dropdown\dropdown\dropdown.csproj", "{DC1EE2CB-4B36-496D-B6EF-1675472B6D84}"
EndProject
Global
	GlobalSection(SolutionConfigurationPlatforms) = preSolution
		Debug|Any CPU = Debug|Any CPU
		Debug|ARM = Debug|ARM
		Debug|iPhone = Debug|iPhone
		Debug|iPhoneSimulator = Debug|iPhoneSimulator
		Debug|x64 = Debug|x64
		Debug|x86 = Debug|x86
		Release|Any CPU = Release|Any CPU
		Release|ARM = Release|ARM
		Release|iPhone = Release|iPhone
		Release|iPhoneSimulator = Release|iPhoneSimulator
		Release|x64 = Release|x64
		Release|x86 = Release|x86
	EndGlobalSection
	GlobalSection(ProjectConfigurationPlatforms) = postSolution
		{EF441AD1-75CD-44C2-BB9C-953631C2D849}.Debug|Any CPU.ActiveCfg = Debug|x86
		{EF441AD1-75CD-44C2-BB9C-953631C2D849}.Debug|Any CPU.Build.0 = Debug|x86
		{EF441AD1-75CD-44C2-BB9C-953631C2D849}.Debug|Any CPU.Deploy.0 = Debug|x86
		{EF441AD1-75CD-44C2-BB9C-953631C2D849}.Debug|ARM.ActiveCfg = Debug|ARM
		{EF441AD1-75CD-44C2-BB9C-953631C2D849}.Debug|ARM.Build.0 = Debug|ARM
		{EF441AD1-75CD-44C2-BB9C-953631C2D849}.Debug|ARM.Deploy.0 = Debug|ARM
		{EF441AD1-75CD-44C2-BB9C-953631C2D849}.Debug|iPhone.ActiveCfg = Debug|x86
		{EF441AD1-75CD-44C2-BB9C-953631C2D849}.Debug|iPhone.Build.0 = Debug|x86
		{EF441AD1-75CD-44C2-BB9C-953631C2D849}.Debug|iPhone.Deploy.0 = Debug|x86
		{EF441AD1-75CD-44C2-BB9C-953631C2D849}.Debug|iPhoneSimulator.ActiveCfg = Debug|x86
		{EF441AD1-75CD-44C2-BB9C-953631C2D849}.Debug|iPhoneSimulator.Build.0 = Debug|x86
		{EF441AD1-75CD-44C2-BB9C-953631C2D849}.Debug|iPhoneSimulator.Deploy.0 = Debug|x86
		{EF441AD1-75CD-44C2-BB9C-953631C2D849}.Debug|x64.ActiveCfg = Debug|x64
		{EF441AD1-75CD-44C2-BB9C-953631C2D849}.Debug|x64.Build.0 = Debug|x64
		{EF441AD1-75CD-44C2-BB9C-953631C2D849}.Debug|x64.Deploy.0 = Debug|x64
		{EF441AD1-75CD-44C2-BB9C-953631C2D849}.Debug|x86.ActiveCfg = Debug|x86
		{EF441AD1-75CD-44C2-BB9C-953631C2D849}.Debug|x86.Build.0 = Debug|x86
		{EF441AD1-75CD-44C2-BB9C-953631C2D849}.Debug|x86.Deploy.0 = Debug|x86
		{EF441AD1-75CD-44C2-BB9C-953631C2D849}.Release|Any CPU.ActiveCfg = Release|x86
		{EF441AD1-75CD-44C2-BB9C-953631C2D849}.Release|Any CPU.Build.0 = Release|x86
		{EF441AD1-75CD-44C2-BB9C-953631C2D849}.Release|Any CPU.Deploy.0 = Release|x86
		{EF441AD1-75CD-44C2-BB9C-953631C2D849}.Release|ARM.ActiveCfg = Release|ARM
		{EF441AD1-75CD-44C2-BB9C-953631C2D849}.Release|ARM.Build.0 = Release|ARM
		{EF441AD1-75CD-44C2-BB9C-953631C2D849}.Release|ARM.Deploy.0 = Release|ARM
		{EF441AD1-75CD-44C2-BB9C-953631C2D849}.Release|iPhone.ActiveCfg = Release|x86
		{EF441AD1-75CD-44C2-BB9C-953631C2D849}.Release|iPhone.Build.0 = Release|x86
		{EF441AD1-75CD-44C2-BB9C-953631C2D849}.Release|iPhone.Deploy.0 = Release|x86
		{EF441AD1-75CD-44C2-BB9C-953631C2D849}.Release|iPhoneSimulator.ActiveCfg = Release|x86
		{EF441AD1-75CD-44C2-BB9C-953631C2D849}.Release|iPhoneSimulator.Build.0 = Release|x86
		{EF441AD1-75CD-44C2-BB9C-953631C2D849}.Release|iPhoneSimulator.Deploy.0 = Release|x86
		{EF441AD1-75CD-44C2-BB9C-953631C2D849}.Release|x64.ActiveCfg = Release|x64
		{EF441AD1-75CD-44C2-BB9C-953631C2D849}.Release|x64.Build.0 = Release|x64
		{EF441AD1-75CD-44C2-BB9C-953631C2D849}.Release|x64.Deploy.0 = Release|x64
		{EF441AD1-75CD-44C2-BB9C-953631C2D849}.Release|x86.ActiveCfg = Release|x86
		{EF441AD1-75CD-44C2-BB9C-953631C2D849}.Release|x86.Build.0 = Release|x86
		{EF441AD1-75CD-44C2-BB9C-953631C2D849}.Release|x86.Deploy.0 = Release|x86
		{9C35EC56-3141-404B-8134-19E5EB3782D0}.Debug|Any CPU.ActiveCfg = Debug|Any CPU
		{9C35EC56-3141-404B-8134-19E5EB3782D0}.Debug|Any CPU.Build.0 = Debug|Any CPU
		{9C35EC56-3141-404B-8134-19E5EB3782D0}.Debug|Any CPU.Deploy.0 = Debug|Any CPU
		{9C35EC56-3141-404B-8134-19E5EB3782D0}.Debug|ARM.ActiveCfg = Debug|Any CPU
		{9C35EC56-3141-404B-8134-19E5EB3782D0}.Debug|ARM.Build.0 = Debug|Any CPU
		{9C35EC56-3141-404B-8134-19E5EB3782D0}.Debug|ARM.Deploy.0 = Debug|Any CPU
		{9C35EC56-3141-404B-8134-19E5EB3782D0}.Debug|iPhone.ActiveCfg = Debug|Any CPU
		{9C35EC56-3141-404B-8134-19E5EB3782D0}.Debug|iPhone.Build.0 = Debug|Any CPU
		{9C35EC56-3141-404B-8134-19E5EB3782D0}.Debug|iPhone.Deploy.0 = Debug|Any CPU
		{9C35EC56-3141-404B-8134-19E5EB3782D0}.Debug|iPhoneSimulator.ActiveCfg = Debug|Any CPU
		{9C35EC56-3141-404B-8134-19E5EB3782D0}.Debug|iPhoneSimulator.Build.0 = Debug|Any CPU
		{9C35EC56-3141-404B-8134-19E5EB3782D0}.Debug|iPhoneSimulator.Deploy.0 = Debug|Any CPU
		{9C35EC56-3141-404B-8134-19E5EB3782D0}.Debug|x64.ActiveCfg = Debug|Any CPU
		{9C35EC56-3141-404B-8134-19E5EB3782D0}.Debug|x64.Build.0 = Debug|Any CPU
		{9C35EC56-3141-404B-8134-19E5EB3782D0}.Debug|x64.Deploy.0 = Debug|Any CPU
		{9C35EC56-3141-404B-8134-19E5EB3782D0}.Debug|x86.ActiveCfg = Debug|Any CPU
		{9C35EC56-3141-404B-8134-19E5EB3782D0}.Debug|x86.Build.0 = Debug|Any CPU
		{9C35EC56-3141-404B-8134-19E5EB3782D0}.Debug|x86.Deploy.0 = Debug|Any CPU
		{9C35EC56-3141-404B-8134-19E5EB3782D0}.Release|Any CPU.ActiveCfg = Release|Any CPU
		{9C35EC56-3141-404B-8134-19E5EB3782D0}.Release|Any CPU.Build.0 = Release|Any CPU
		{9C35EC56-3141-404B-8134-19E5EB3782D0}.Release|Any CPU.Deploy.0 = Release|Any CPU
		{9C35EC56-3141-404B-8134-19E5EB3782D0}.Release|ARM.ActiveCfg = Release|Any CPU
		{9C35EC56-3141-404B-8134-19E5EB3782D0}.Release|ARM.Build.0 = Release|Any CPU
		{9C35EC56-3141-404B-8134-19E5EB3782D0}.Release|ARM.Deploy.0 = Release|Any CPU
		{9C35EC56-3141-404B-8134-19E5EB3782D0}.Release|iPhone.ActiveCfg = Release|Any CPU
		{9C35EC56-3141-404B-8134-19E5EB3782D0}.Release|iPhone.Build.0 = Release|Any CPU
		{9C35EC56-3141-404B-8134-19E5EB3782D0}.Release|iPhone.Deploy.0 = Release|Any CPU
		{9C35EC56-3141-404B-8134-19E5EB3782D0}.Release|iPhoneSimulator.ActiveCfg = Release|Any CPU
		{9C35EC56-3141-404B-8134-19E5EB3782D0}.Release|iPhoneSimulator.Build.0 = Release|Any CPU
		{9C35EC56-3141-404B-8134-19E5EB3782D0}.Release|iPhoneSimulator.Deploy.0 = Release|Any CPU
		{9C35EC56-3141-404B-8134-19E5EB3782D0}.Release|x64.ActiveCfg = Release|Any CPU
		{9C35EC56-3141-404B-8134-19E5EB3782D0}.Release|x64.Build.0 = Release|Any CPU
		{9C35EC56-3141-404B-8134-19E5EB3782D0}.Release|x64.Deploy.0 = Release|Any CPU
		{9C35EC56-3141-404B-8134-19E5EB3782D0}.Release|x86.ActiveCfg = Release|Any CPU
		{9C35EC56-3141-404B-8134-19E5EB3782D0}.Release|x86.Build.0 = Release|Any CPU
		{9C35EC56-3141-404B-8134-19E5EB3782D0}.Release|x86.Deploy.0 = Release|Any CPU
		{BF925917-9115-4839-94E6-308C1B4681FC}.Debug|Any CPU.ActiveCfg = Debug|iPhoneSimulator
		{BF925917-9115-4839-94E6-308C1B4681FC}.Debug|Any CPU.Build.0 = Debug|iPhoneSimulator
		{BF925917-9115-4839-94E6-308C1B4681FC}.Debug|Any CPU.Deploy.0 = Debug|iPhoneSimulator
		{BF925917-9115-4839-94E6-308C1B4681FC}.Debug|ARM.ActiveCfg = Debug|iPhone
		{BF925917-9115-4839-94E6-308C1B4681FC}.Debug|ARM.Build.0 = Debug|iPhone
		{BF925917-9115-4839-94E6-308C1B4681FC}.Debug|ARM.Deploy.0 = Debug|iPhone
		{BF925917-9115-4839-94E6-308C1B4681FC}.Debug|iPhone.ActiveCfg = Debug|iPhone
		{BF925917-9115-4839-94E6-308C1B4681FC}.Debug|iPhone.Build.0 = Debug|iPhone
		{BF925917-9115-4839-94E6-308C1B4681FC}.Debug|iPhone.Deploy.0 = Debug|iPhone
		{BF925917-9115-4839-94E6-308C1B4681FC}.Debug|iPhoneSimulator.ActiveCfg = Debug|iPhoneSimulator
		{BF925917-9115-4839-94E6-308C1B4681FC}.Debug|iPhoneSimulator.Build.0 = Debug|iPhoneSimulator
		{BF925917-9115-4839-94E6-308C1B4681FC}.Debug|iPhoneSimulator.Deploy.0 = Debug|iPhoneSimulator
		{BF925917-9115-4839-94E6-308C1B4681FC}.Debug|x64.ActiveCfg = Debug|iPhoneSimulator
		{BF925917-9115-4839-94E6-308C1B4681FC}.Debug|x64.Build.0 = Debug|iPhoneSimulator
		{BF925917-9115-4839-94E6-308C1B4681FC}.Debug|x64.Deploy.0 = Debug|iPhoneSimulator
		{BF925917-9115-4839-94E6-308C1B4681FC}.Debug|x86.ActiveCfg = Debug|iPhoneSimulator
		{BF925917-9115-4839-94E6-308C1B4681FC}.Debug|x86.Build.0 = Debug|iPhoneSimulator
		{BF925917-9115-4839-94E6-308C1B4681FC}.Debug|x86.Deploy.0 = Debug|iPhoneSimulator
		{BF925917-9115-4839-94E6-308C1B4681FC}.Release|Any CPU.ActiveCfg = Release|iPhoneSimulator
		{BF925917-9115-4839-94E6-308C1B4681FC}.Release|Any CPU.Build.0 = Release|iPhoneSimulator
		{BF925917-9115-4839-94E6-308C1B4681FC}.Release|Any CPU.Deploy.0 = Release|iPhoneSimulator
		{BF925917-9115-4839-94E6-308C1B4681FC}.Release|ARM.ActiveCfg = Release|iPhoneSimulator
		{BF925917-9115-4839-94E6-308C1B4681FC}.Release|ARM.Build.0 = Release|iPhoneSimulator
		{BF925917-9115-4839-94E6-308C1B4681FC}.Release|ARM.Deploy.0 = Release|iPhoneSimulator
		{BF925917-9115-4839-94E6-308C1B4681FC}.Release|iPhone.ActiveCfg = Release|iPhone
		{BF925917-9115-4839-94E6-308C1B4681FC}.Release|iPhone.Build.0 = Release|iPhone
		{BF925917-9115-4839-94E6-308C1B4681FC}.Release|iPhone.Deploy.0 = Release|iPhone
		{BF925917-9115-4839-94E6-308C1B4681FC}.Release|iPhoneSimulator.ActiveCfg = Release|iPhoneSimulator
		{BF925917-9115-4839-94E6-308C1B4681FC}.Release|iPhoneSimulator.Build.0 = Release|iPhoneSimulator
		{BF925917-9115-4839-94E6-308C1B4681FC}.Release|iPhoneSimulator.Deploy.0 = Release|iPhoneSimulator
		{BF925917-9115-4839-94E6-308C1B4681FC}.Release|x64.ActiveCfg = Release|iPhoneSimulator
		{BF925917-9115-4839-94E6-308C1B4681FC}.Release|x64.Build.0 = Release|iPhoneSimulator
		{BF925917-9115-4839-94E6-308C1B4681FC}.Release|x64.Deploy.0 = Release|iPhoneSimulator
		{BF925917-9115-4839-94E6-308C1B4681FC}.Release|x86.ActiveCfg = Release|iPhoneSimulator
		{BF925917-9115-4839-94E6-308C1B4681FC}.Release|x86.Build.0 = Release|iPhoneSimulator
		{BF925917-9115-4839-94E6-308C1B4681FC}.Release|x86.Deploy.0 = Release|iPhoneSimulator
		{DC1EE2CB-4B36-496D-B6EF-1675472B6D84}.Debug|Any CPU.ActiveCfg = Debug|Any CPU
		{DC1EE2CB-4B36-496D-B6EF-1675472B6D84}.Debug|Any CPU.Build.0 = Debug|Any CPU
		{DC1EE2CB-4B36-496D-B6EF-1675472B6D84}.Debug|Any CPU.Deploy.0 = Debug|Any CPU
		{DC1EE2CB-4B36-496D-B6EF-1675472B6D84}.Debug|ARM.ActiveCfg = Debug|Any CPU
		{DC1EE2CB-4B36-496D-B6EF-1675472B6D84}.Debug|ARM.Build.0 = Debug|Any CPU
		{DC1EE2CB-4B36-496D-B6EF-1675472B6D84}.Debug|ARM.Deploy.0 = Debug|Any CPU
		{DC1EE2CB-4B36-496D-B6EF-1675472B6D84}.Debug|iPhone.ActiveCfg = Debug|Any CPU
		{DC1EE2CB-4B36-496D-B6EF-1675472B6D84}.Debug|iPhone.Build.0 = Debug|Any CPU
		{DC1EE2CB-4B36-496D-B6EF-1675472B6D84}.Debug|iPhone.Deploy.0 = Debug|Any CPU
		{DC1EE2CB-4B36-496D-B6EF-1675472B6D84}.Debug|iPhoneSimulator.ActiveCfg = Debug|Any CPU
		{DC1EE2CB-4B36-496D-B6EF-1675472B6D84}.Debug|iPhoneSimulator.Build.0 = Debug|Any CPU
		{DC1EE2CB-4B36-496D-B6EF-1675472B6D84}.Debug|iPhoneSimulator.Deploy.0 = Debug|Any CPU
		{DC1EE2CB-4B36-496D-B6EF-1675472B6D84}.Debug|x64.ActiveCfg = Debug|Any CPU
		{DC1EE2CB-4B36-496D-B6EF-1675472B6D84}.Debug|x64.Build.0 = Debug|Any CPU
		{DC1EE2CB-4B36-496D-B6EF-1675472B6D84}.Debug|x64.Deploy.0 = Debug|Any CPU
		{DC1EE2CB-4B36-496D-B6EF-1675472B6D84}.Debug|x86.ActiveCfg = Debug|Any CPU
		{DC1EE2CB-4B36-496D-B6EF-1675472B6D84}.Debug|x86.Build.0 = Debug|Any CPU
		{DC1EE2CB-4B36-496D-B6EF-1675472B6D84}.Debug|x86.Deploy.0 = Debug|Any CPU
		{DC1EE2CB-4B36-496D-B6EF-1675472B6D84}.Release|Any CPU.ActiveCfg = Release|Any CPU
		{DC1EE2CB-4B36-496D-B6EF-1675472B6D84}.Release|Any CPU.Build.0 = Release|Any CPU
		{DC1EE2CB-4B36-496D-B6EF-1675472B6D84}.Release|Any CPU.Deploy.0 = Release|Any CPU
		{DC1EE2CB-4B36-496D-B6EF-1675472B6D84}.Release|ARM.ActiveCfg = Release|Any CPU
		{DC1EE2CB-4B36-496D-B6EF-1675472B6D84}.Release|ARM.Build.0 = Release|Any CPU
		{DC1EE2CB-4B36-496D-B6EF-1675472B6D84}.Release|ARM.Deploy.0 = Release|Any CPU
		{DC1EE2CB-4B36-496D-B6EF-1675472B6D84}.Release|iPhone.ActiveCfg = Release|Any CPU
		{DC1EE2CB-4B36-496D-B6EF-1675472B6D84}.Release|iPhone.Build.0 = Release|Any CPU
		{DC1EE2CB-4B36-496D-B6EF-1675472B6D84}.Release|iPhone.Deploy.0 = Release|Any CPU
		{DC1EE2CB-4B36-496D-B6EF-1675472B6D84}.Release|iPhoneSimulator.ActiveCfg = Release|Any CPU
		{DC1EE2CB-4B36-496D-B6EF-1675472B6D84}.Release|iPhoneSimulator.Build.0 = Release|Any CPU
		{DC1EE2CB-4B36-496D-B6EF-1675472B6D84}.Release|iPhoneSimulator.Deploy.0 = Release|Any CPU
		{DC1EE2CB-4B36-496D-B6EF-1675472B6D84}.Release|x64.ActiveCfg = Release|Any CPU
		{DC1EE2CB-4B36-496D-B6EF-1675472B6D84}.Release|x64.Build.0 = Release|Any CPU
		{DC1EE2CB-4B36-496D-B6EF-1675472B6D84}.Release|x64.Deploy.0 = Release|Any CPU
		{DC1EE2CB-4B36-496D-B6EF-1675472B6D84}.Release|x86.ActiveCfg = Release|Any CPU
		{DC1EE2CB-4B36-496D-B6EF-1675472B6D84}.Release|x86.Build.0 = Release|Any CPU
		{DC1EE2CB-4B36-496D-B6EF-1675472B6D84}.Release|x86.Deploy.0 = Release|Any CPU
	EndGlobalSection
	GlobalSection(SolutionProperties) = preSolution
		HideSolutionNode = FALSE
	EndGlobalSection
	GlobalSection(ExtensibilityGlobals) = postSolution
		SolutionGuid = {A658D2B2-9B0D-4617-A2AE-D5B9F01585CE}
	EndGlobalSection
EndGlobal
